// !$*UTF8*$!
{
	archiveVersion = 1;
	classes = {
	};
	objectVersion = 56;
	objects = {

/* Begin PBXBuildFile section */
		A3CF3EAC2BC731E60093FAD3 /* README.md in Resources */ = {isa = PBXBuildFile; fileRef = A3CF3EAB2BC731E60093FAD3 /* README.md */; };
		BAE148582BC3F3A200736A01 /* TestSwiftUIApp.swift in Sources */ = {isa = PBXBuildFile; fileRef = BAE148572BC3F3A200736A01 /* TestSwiftUIApp.swift */; };
		BAE1485A2BC3F3A200736A01 /* ContentView.swift in Sources */ = {isa = PBXBuildFile; fileRef = BAE148592BC3F3A200736A01 /* ContentView.swift */; };
		BAE1485C2BC3F3A300736A01 /* Assets.xcassets in Resources */ = {isa = PBXBuildFile; fileRef = BAE1485B2BC3F3A300736A01 /* Assets.xcassets */; };
		BAE1485F2BC3F3A300736A01 /* Preview Assets.xcassets in Resources */ = {isa = PBXBuildFile; fileRef = BAE1485E2BC3F3A300736A01 /* Preview Assets.xcassets */; };
		BAE148692BC3F3A400736A01 /* TestSwiftUITests.swift in Sources */ = {isa = PBXBuildFile; fileRef = BAE148682BC3F3A400736A01 /* TestSwiftUITests.swift */; };
		BAE148732BC3F3A400736A01 /* TestSwiftUIUITests.swift in Sources */ = {isa = PBXBuildFile; fileRef = BAE148722BC3F3A400736A01 /* TestSwiftUIUITests.swift */; };
		BAE148752BC3F3A400736A01 /* TestSwiftUIUITestsLaunchTests.swift in Sources */ = {isa = PBXBuildFile; fileRef = BAE148742BC3F3A400736A01 /* TestSwiftUIUITestsLaunchTests.swift */; };
/* End PBXBuildFile section */

/* Begin PBXContainerItemProxy section */
		BAE148652BC3F3A400736A01 /* PBXContainerItemProxy */ = {
			isa = PBXContainerItemProxy;
			containerPortal = BAE1484C2BC3F3A200736A01 /* Project object */;
			proxyType = 1;
			remoteGlobalIDString = BAE148532BC3F3A200736A01;
			remoteInfo = TestSwiftUI;
		};
		BAE1486F2BC3F3A400736A01 /* PBXContainerItemProxy */ = {
			isa = PBXContainerItemProxy;
			containerPortal = BAE1484C2BC3F3A200736A01 /* Project object */;
			proxyType = 1;
			remoteGlobalIDString = BAE148532BC3F3A200736A01;
			remoteInfo = TestSwiftUI;
		};
/* End PBXContainerItemProxy section */

/* Begin PBXFileReference section */
		A3CF3EAB2BC731E60093FAD3 /* README.md */ = {isa = PBXFileReference; fileEncoding = 4; lastKnownFileType = net.daringfireball.markdown; path = README.md; sourceTree = "<group>"; };
		BAE148542BC3F3A200736A01 /* TestSwiftUI.app */ = {isa = PBXFileReference; explicitFileType = wrapper.application; includeInIndex = 0; path = TestSwiftUI.app; sourceTree = BUILT_PRODUCTS_DIR; };
		BAE148572BC3F3A200736A01 /* TestSwiftUIApp.swift */ = {isa = PBXFileReference; lastKnownFileType = sourcecode.swift; path = TestSwiftUIApp.swift; sourceTree = "<group>"; };
		BAE148592BC3F3A200736A01 /* ContentView.swift */ = {isa = PBXFileReference; lastKnownFileType = sourcecode.swift; path = ContentView.swift; sourceTree = "<group>"; };
		BAE1485B2BC3F3A300736A01 /* Assets.xcassets */ = {isa = PBXFileReference; lastKnownFileType = folder.assetcatalog; path = Assets.xcassets; sourceTree = "<group>"; };
		BAE1485E2BC3F3A300736A01 /* Preview Assets.xcassets */ = {isa = PBXFileReference; lastKnownFileType = folder.assetcatalog; path = "Preview Assets.xcassets"; sourceTree = "<group>"; };
		BAE148642BC3F3A400736A01 /* TestSwiftUITests.xctest */ = {isa = PBXFileReference; explicitFileType = wrapper.cfbundle; includeInIndex = 0; path = TestSwiftUITests.xctest; sourceTree = BUILT_PRODUCTS_DIR; };
		BAE148682BC3F3A400736A01 /* TestSwiftUITests.swift */ = {isa = PBXFileReference; lastKnownFileType = sourcecode.swift; path = TestSwiftUITests.swift; sourceTree = "<group>"; };
		BAE1486E2BC3F3A400736A01 /* TestSwiftUIUITests.xctest */ = {isa = PBXFileReference; explicitFileType = wrapper.cfbundle; includeInIndex = 0; path = TestSwiftUIUITests.xctest; sourceTree = BUILT_PRODUCTS_DIR; };
		BAE148722BC3F3A400736A01 /* TestSwiftUIUITests.swift */ = {isa = PBXFileReference; lastKnownFileType = sourcecode.swift; path = TestSwiftUIUITests.swift; sourceTree = "<group>"; };
		BAE148742BC3F3A400736A01 /* TestSwiftUIUITestsLaunchTests.swift */ = {isa = PBXFileReference; lastKnownFileType = sourcecode.swift; path = TestSwiftUIUITestsLaunchTests.swift; sourceTree = "<group>"; };
/* End PBXFileReference section */

/* Begin PBXFrameworksBuildPhase section */
		BAE148512BC3F3A200736A01 /* Frameworks */ = {
			isa = PBXFrameworksBuildPhase;
			buildActionMask = 2147483647;
			files = (
			);
			runOnlyForDeploymentPostprocessing = 0;
		};
		BAE148612BC3F3A400736A01 /* Frameworks */ = {
			isa = PBXFrameworksBuildPhase;
			buildActionMask = 2147483647;
			files = (
			);
			runOnlyForDeploymentPostprocessing = 0;
		};
		BAE1486B2BC3F3A400736A01 /* Frameworks */ = {
			isa = PBXFrameworksBuildPhase;
			buildActionMask = 2147483647;
			files = (
			);
			runOnlyForDeploymentPostprocessing = 0;
		};
/* End PBXFrameworksBuildPhase section */

/* Begin PBXGroup section */
		BAE1484B2BC3F3A200736A01 = {
			isa = PBXGroup;
			children = (
				A3CF3EAB2BC731E60093FAD3 /* README.md */,
				BAE148562BC3F3A200736A01 /* TestSwiftUI */,
				BAE148672BC3F3A400736A01 /* TestSwiftUITests */,
				BAE148712BC3F3A400736A01 /* TestSwiftUIUITests */,
				BAE148552BC3F3A200736A01 /* Products */,
			);
			sourceTree = "<group>";
		};
		BAE148552BC3F3A200736A01 /* Products */ = {
			isa = PBXGroup;
			children = (
				BAE148542BC3F3A200736A01 /* TestSwiftUI.app */,
				BAE148642BC3F3A400736A01 /* TestSwiftUITests.xctest */,
				BAE1486E2BC3F3A400736A01 /* TestSwiftUIUITests.xctest */,
			);
			name = Products;
			sourceTree = "<group>";
		};
		BAE148562BC3F3A200736A01 /* TestSwiftUI */ = {
			isa = PBXGroup;
			children = (
				BAE148572BC3F3A200736A01 /* TestSwiftUIApp.swift */,
				BAE148592BC3F3A200736A01 /* ContentView.swift */,
				BAE1485B2BC3F3A300736A01 /* Assets.xcassets */,
				BAE1485D2BC3F3A300736A01 /* Preview Content */,
			);
			path = TestSwiftUI;
			sourceTree = "<group>";
		};
		BAE1485D2BC3F3A300736A01 /* Preview Content */ = {
			isa = PBXGroup;
			children = (
				BAE1485E2BC3F3A300736A01 /* Preview Assets.xcassets */,
			);
			path = "Preview Content";
			sourceTree = "<group>";
		};
		BAE148672BC3F3A400736A01 /* TestSwiftUITests */ = {
			isa = PBXGroup;
			children = (
				BAE148682BC3F3A400736A01 /* TestSwiftUITests.swift */,
			);
			path = TestSwiftUITests;
			sourceTree = "<group>";
		};
		BAE148712BC3F3A400736A01 /* TestSwiftUIUITests */ = {
			isa = PBXGroup;
			children = (
				BAE148722BC3F3A400736A01 /* TestSwiftUIUITests.swift */,
				BAE148742BC3F3A400736A01 /* TestSwiftUIUITestsLaunchTests.swift */,
			);
			path = TestSwiftUIUITests;
			sourceTree = "<group>";
		};
/* End PBXGroup section */

/* Begin PBXNativeTarget section */
		BAE148532BC3F3A200736A01 /* TestSwiftUI */ = {
			isa = PBXNativeTarget;
			buildConfigurationList = BAE148782BC3F3A400736A01 /* Build configuration list for PBXNativeTarget "TestSwiftUI" */;
			buildPhases = (
				BAE148502BC3F3A200736A01 /* Sources */,
				BAE148512BC3F3A200736A01 /* Frameworks */,
				BAE148522BC3F3A200736A01 /* Resources */,
			);
			buildRules = (
			);
			dependencies = (
			);
			name = TestSwiftUI;
			productName = TestSwiftUI;
			productReference = BAE148542BC3F3A200736A01 /* TestSwiftUI.app */;
			productType = "com.apple.product-type.application";
		};
		BAE148632BC3F3A400736A01 /* TestSwiftUITests */ = {
			isa = PBXNativeTarget;
			buildConfigurationList = BAE1487B2BC3F3A400736A01 /* Build configuration list for PBXNativeTarget "TestSwiftUITests" */;
			buildPhases = (
				BAE148602BC3F3A400736A01 /* Sources */,
				BAE148612BC3F3A400736A01 /* Frameworks */,
				BAE148622BC3F3A400736A01 /* Resources */,
			);
			buildRules = (
			);
			dependencies = (
				BAE148662BC3F3A400736A01 /* PBXTargetDependency */,
			);
			name = TestSwiftUITests;
			productName = TestSwiftUITests;
			productReference = BAE148642BC3F3A400736A01 /* TestSwiftUITests.xctest */;
			productType = "com.apple.product-type.bundle.unit-test";
		};
		BAE1486D2BC3F3A400736A01 /* TestSwiftUIUITests */ = {
			isa = PBXNativeTarget;
			buildConfigurationList = BAE1487E2BC3F3A400736A01 /* Build configuration list for PBXNativeTarget "TestSwiftUIUITests" */;
			buildPhases = (
				BAE1486A2BC3F3A400736A01 /* Sources */,
				BAE1486B2BC3F3A400736A01 /* Frameworks */,
				BAE1486C2BC3F3A400736A01 /* Resources */,
			);
			buildRules = (
			);
			dependencies = (
				BAE148702BC3F3A400736A01 /* PBXTargetDependency */,
			);
			name = TestSwiftUIUITests;
			productName = TestSwiftUIUITests;
			productReference = BAE1486E2BC3F3A400736A01 /* TestSwiftUIUITests.xctest */;
			productType = "com.apple.product-type.bundle.ui-testing";
		};
/* End PBXNativeTarget section */

/* Begin PBXProject section */
		BAE1484C2BC3F3A200736A01 /* Project object */ = {
			isa = PBXProject;
			attributes = {
				BuildIndependentTargetsInParallel = 1;
				LastSwiftUpdateCheck = 1530;
				LastUpgradeCheck = 1530;
				TargetAttributes = {
					BAE148532BC3F3A200736A01 = {
						CreatedOnToolsVersion = 15.3;
					};
					BAE148632BC3F3A400736A01 = {
						CreatedOnToolsVersion = 15.3;
						TestTargetID = BAE148532BC3F3A200736A01;
					};
					BAE1486D2BC3F3A400736A01 = {
						CreatedOnToolsVersion = 15.3;
						TestTargetID = BAE148532BC3F3A200736A01;
					};
				};
			};
			buildConfigurationList = BAE1484F2BC3F3A200736A01 /* Build configuration list for PBXProject "TestSwiftUI" */;
			compatibilityVersion = "Xcode 14.0";
			developmentRegion = en;
			hasScannedForEncodings = 0;
			knownRegions = (
				en,
				Base,
			);
			mainGroup = BAE1484B2BC3F3A200736A01;
			productRefGroup = BAE148552BC3F3A200736A01 /* Products */;
			projectDirPath = "";
			projectRoot = "";
			targets = (
				BAE148532BC3F3A200736A01 /* TestSwiftUI */,
				BAE148632BC3F3A400736A01 /* TestSwiftUITests */,
				BAE1486D2BC3F3A400736A01 /* TestSwiftUIUITests */,
			);
		};
/* End PBXProject section */

/* Begin PBXResourcesBuildPhase section */
		BAE148522BC3F3A200736A01 /* Resources */ = {
			isa = PBXResourcesBuildPhase;
			buildActionMask = 2147483647;
			files = (
				A3CF3EAC2BC731E60093FAD3 /* README.md in Resources */,
				BAE1485F2BC3F3A300736A01 /* Preview Assets.xcassets in Resources */,
				BAE1485C2BC3F3A300736A01 /* Assets.xcassets in Resources */,
			);
			runOnlyForDeploymentPostprocessing = 0;
		};
		BAE148622BC3F3A400736A01 /* Resources */ = {
			isa = PBXResourcesBuildPhase;
			buildActionMask = 2147483647;
			files = (
			);
			runOnlyForDeploymentPostprocessing = 0;
		};
		BAE1486C2BC3F3A400736A01 /* Resources */ = {
			isa = PBXResourcesBuildPhase;
			buildActionMask = 2147483647;
			files = (
			);
			runOnlyForDeploymentPostprocessing = 0;
		};
/* End PBXResourcesBuildPhase section */

/* Begin PBXSourcesBuildPhase section */
		BAE148502BC3F3A200736A01 /* Sources */ = {
			isa = PBXSourcesBuildPhase;
			buildActionMask = 2147483647;
			files = (
				BAE1485A2BC3F3A200736A01 /* ContentView.swift in Sources */,
				BAE148582BC3F3A200736A01 /* TestSwiftUIApp.swift in Sources */,
			);
			runOnlyForDeploymentPostprocessing = 0;
		};
		BAE148602BC3F3A400736A01 /* Sources */ = {
			isa = PBXSourcesBuildPhase;
			buildActionMask = 2147483647;
			files = (
				BAE148692BC3F3A400736A01 /* TestSwiftUITests.swift in Sources */,
			);
			runOnlyForDeploymentPostprocessing = 0;
		};
		BAE1486A2BC3F3A400736A01 /* Sources */ = {
			isa = PBXSourcesBuildPhase;
			buildActionMask = 2147483647;
			files = (
				BAE148752BC3F3A400736A01 /* TestSwiftUIUITestsLaunchTests.swift in Sources */,
				BAE148732BC3F3A400736A01 /* TestSwiftUIUITests.swift in Sources */,
			);
			runOnlyForDeploymentPostprocessing = 0;
		};
/* End PBXSourcesBuildPhase section */

/* Begin PBXTargetDependency section */
		BAE148662BC3F3A400736A01 /* PBXTargetDependency */ = {
			isa = PBXTargetDependency;
			target = BAE148532BC3F3A200736A01 /* TestSwiftUI */;
			targetProxy = BAE148652BC3F3A400736A01 /* PBXContainerItemProxy */;
		};
		BAE148702BC3F3A400736A01 /* PBXTargetDependency */ = {
			isa = PBXTargetDependency;
			target = BAE148532BC3F3A200736A01 /* TestSwiftUI */;
			targetProxy = BAE1486F2BC3F3A400736A01 /* PBXContainerItemProxy */;
		};
/* End PBXTargetDependency section */

/* Begin XCBuildConfiguration section */
		BAE148762BC3F3A400736A01 /* Debug */ = {
			isa = XCBuildConfiguration;
			buildSettings = {
				ALWAYS_SEARCH_USER_PATHS = NO;
				ASSETCATALOG_COMPILER_GENERATE_SWIFT_ASSET_SYMBOL_EXTENSIONS = YES;
				CLANG_ANALYZER_NONNULL = YES;
				CLANG_ANALYZER_NUMBER_OBJECT_CONVERSION = YES_AGGRESSIVE;
				CLANG_CXX_LANGUAGE_STANDARD = "gnu++20";
				CLANG_ENABLE_MODULES = YES;
				CLANG_ENABLE_OBJC_ARC = YES;
				CLANG_ENABLE_OBJC_WEAK = YES;
				CLANG_WARN_BLOCK_CAPTURE_AUTORELEASING = YES;
				CLANG_WARN_BOOL_CONVERSION = YES;
				CLANG_WARN_COMMA = YES;
				CLANG_WARN_CONSTANT_CONVERSION = YES;
				CLANG_WARN_DEPRECATED_OBJC_IMPLEMENTATIONS = YES;
				CLANG_WARN_DIRECT_OBJC_ISA_USAGE = YES_ERROR;
				CLANG_WARN_DOCUMENTATION_COMMENTS = YES;
				CLANG_WARN_EMPTY_BODY = YES;
				CLANG_WARN_ENUM_CONVERSION = YES;
				CLANG_WARN_INFINITE_RECURSION = YES;
				CLANG_WARN_INT_CONVERSION = YES;
				CLANG_WARN_NON_LITERAL_NULL_CONVERSION = YES;
				CLANG_WARN_OBJC_IMPLICIT_RETAIN_SELF = YES;
				CLANG_WARN_OBJC_LITERAL_CONVERSION = YES;
				CLANG_WARN_OBJC_ROOT_CLASS = YES_ERROR;
				CLANG_WARN_QUOTED_INCLUDE_IN_FRAMEWORK_HEADER = YES;
				CLANG_WARN_RANGE_LOOP_ANALYSIS = YES;
				CLANG_WARN_STRICT_PROTOTYPES = YES;
				CLANG_WARN_SUSPICIOUS_MOVE = YES;
				CLANG_WARN_UNGUARDED_AVAILABILITY = YES_AGGRESSIVE;
				CLANG_WARN_UNREACHABLE_CODE = YES;
				CLANG_WARN__DUPLICATE_METHOD_MATCH = YES;
				COPY_PHASE_STRIP = NO;
				DEBUG_INFORMATION_FORMAT = dwarf;
				ENABLE_STRICT_OBJC_MSGSEND = YES;
				ENABLE_TESTABILITY = YES;
				ENABLE_USER_SCRIPT_SANDBOXING = YES;
				GCC_C_LANGUAGE_STANDARD = gnu17;
				GCC_DYNAMIC_NO_PIC = NO;
				GCC_NO_COMMON_BLOCKS = YES;
				GCC_OPTIMIZATION_LEVEL = 0;
				GCC_PREPROCESSOR_DEFINITIONS = (
					"DEBUG=1",
					"$(inherited)",
				);
				GCC_WARN_64_TO_32_BIT_CONVERSION = YES;
				GCC_WARN_ABOUT_RETURN_TYPE = YES_ERROR;
				GCC_WARN_UNDECLARED_SELECTOR = YES;
				GCC_WARN_UNINITIALIZED_AUTOS = YES_AGGRESSIVE;
				GCC_WARN_UNUSED_FUNCTION = YES;
				GCC_WARN_UNUSED_VARIABLE = YES;
				IPHONEOS_DEPLOYMENT_TARGET = 17.4;
				LOCALIZATION_PREFERS_STRING_CATALOGS = YES;
				MTL_ENABLE_DEBUG_INFO = INCLUDE_SOURCE;
				MTL_FAST_MATH = YES;
				ONLY_ACTIVE_ARCH = YES;
				SDKROOT = iphoneos;
				SWIFT_ACTIVE_COMPILATION_CONDITIONS = "DEBUG $(inherited)";
				SWIFT_OPTIMIZATION_LEVEL = "-Onone";
			};
			name = Debug;
		};
		BAE148772BC3F3A400736A01 /* Release */ = {
			isa = XCBuildConfiguration;
			buildSettings = {
				ALWAYS_SEARCH_USER_PATHS = NO;
				ASSETCATALOG_COMPILER_GENERATE_SWIFT_ASSET_SYMBOL_EXTENSIONS = YES;
				CLANG_ANALYZER_NONNULL = YES;
				CLANG_ANALYZER_NUMBER_OBJECT_CONVERSION = YES_AGGRESSIVE;
				CLANG_CXX_LANGUAGE_STANDARD = "gnu++20";
				CLANG_ENABLE_MODULES = YES;
				CLANG_ENABLE_OBJC_ARC = YES;
				CLANG_ENABLE_OBJC_WEAK = YES;
				CLANG_WARN_BLOCK_CAPTURE_AUTORELEASING = YES;
				CLANG_WARN_BOOL_CONVERSION = YES;
				CLANG_WARN_COMMA = YES;
				CLANG_WARN_CONSTANT_CONVERSION = YES;
				CLANG_WARN_DEPRECATED_OBJC_IMPLEMENTATIONS = YES;
				CLANG_WARN_DIRECT_OBJC_ISA_USAGE = YES_ERROR;
				CLANG_WARN_DOCUMENTATION_COMMENTS = YES;
				CLANG_WARN_EMPTY_BODY = YES;
				CLANG_WARN_ENUM_CONVERSION = YES;
				CLANG_WARN_INFINITE_RECURSION = YES;
				CLANG_WARN_INT_CONVERSION = YES;
				CLANG_WARN_NON_LITERAL_NULL_CONVERSION = YES;
				CLANG_WARN_OBJC_IMPLICIT_RETAIN_SELF = YES;
				CLANG_WARN_OBJC_LITERAL_CONVERSION = YES;
				CLANG_WARN_OBJC_ROOT_CLASS = YES_ERROR;
				CLANG_WARN_QUOTED_INCLUDE_IN_FRAMEWORK_HEADER = YES;
				CLANG_WARN_RANGE_LOOP_ANALYSIS = YES;
				CLANG_WARN_STRICT_PROTOTYPES = YES;
				CLANG_WARN_SUSPICIOUS_MOVE = YES;
				CLANG_WARN_UNGUARDED_AVAILABILITY = YES_AGGRESSIVE;
				CLANG_WARN_UNREACHABLE_CODE = YES;
				CLANG_WARN__DUPLICATE_METHOD_MATCH = YES;
				COPY_PHASE_STRIP = NO;
				DEBUG_INFORMATION_FORMAT = "dwarf-with-dsym";
				ENABLE_NS_ASSERTIONS = NO;
				ENABLE_STRICT_OBJC_MSGSEND = YES;
				ENABLE_USER_SCRIPT_SANDBOXING = YES;
				GCC_C_LANGUAGE_STANDARD = gnu17;
				GCC_NO_COMMON_BLOCKS = YES;
				GCC_WARN_64_TO_32_BIT_CONVERSION = YES;
				GCC_WARN_ABOUT_RETURN_TYPE = YES_ERROR;
				GCC_WARN_UNDECLARED_SELECTOR = YES;
				GCC_WARN_UNINITIALIZED_AUTOS = YES_AGGRESSIVE;
				GCC_WARN_UNUSED_FUNCTION = YES;
				GCC_WARN_UNUSED_VARIABLE = YES;
				IPHONEOS_DEPLOYMENT_TARGET = 17.4;
				LOCALIZATION_PREFERS_STRING_CATALOGS = YES;
				MTL_ENABLE_DEBUG_INFO = NO;
				MTL_FAST_MATH = YES;
				SDKROOT = iphoneos;
				SWIFT_COMPILATION_MODE = wholemodule;
				VALIDATE_PRODUCT = YES;
			};
			name = Release;
		};
		BAE148792BC3F3A400736A01 /* Debug */ = {
			isa = XCBuildConfiguration;
			buildSettings = {
				ASSETCATALOG_COMPILER_APPICON_NAME = AppIcon;
				ASSETCATALOG_COMPILER_GLOBAL_ACCENT_COLOR_NAME = AccentColor;
				CODE_SIGN_STYLE = Automatic;
				CURRENT_PROJECT_VERSION = 1;
				DEVELOPMENT_ASSET_PATHS = "\"TestSwiftUI/Preview Content\"";
				DEVELOPMENT_TEAM = B5QWJ52327;
				ENABLE_PREVIEWS = YES;
				GENERATE_INFOPLIST_FILE = YES;
				INFOPLIST_KEY_UIApplicationSceneManifest_Generation = YES;
				INFOPLIST_KEY_UIApplicationSupportsIndirectInputEvents = YES;
				INFOPLIST_KEY_UILaunchScreen_Generation = YES;
				INFOPLIST_KEY_UISupportedInterfaceOrientations_iPad = "UIInterfaceOrientationPortrait UIInterfaceOrientationPortraitUpsideDown UIInterfaceOrientationLandscapeLeft UIInterfaceOrientationLandscapeRight";
				INFOPLIST_KEY_UISupportedInterfaceOrientations_iPhone = "UIInterfaceOrientationPortrait UIInterfaceOrientationLandscapeLeft UIInterfaceOrientationLandscapeRight";
				IPHONEOS_DEPLOYMENT_TARGET = 15.6;
				LD_RUNPATH_SEARCH_PATHS = (
					"$(inherited)",
					"@executable_path/Frameworks",
				);
				MARKETING_VERSION = 1.0;
				PRODUCT_BUNDLE_IDENTIFIER = com.maxbellucci69.TestSwiftUI;
				PRODUCT_NAME = "$(TARGET_NAME)";
				SWIFT_EMIT_LOC_STRINGS = YES;
				SWIFT_VERSION = 5.0;
				TARGETED_DEVICE_FAMILY = "1,2";
			};
			name = Debug;
		};
		BAE1487A2BC3F3A400736A01 /* Release */ = {
			isa = XCBuildConfiguration;
			buildSettings = {
				ASSETCATALOG_COMPILER_APPICON_NAME = AppIcon;
				ASSETCATALOG_COMPILER_GLOBAL_ACCENT_COLOR_NAME = AccentColor;
				CODE_SIGN_STYLE = Automatic;
				CURRENT_PROJECT_VERSION = 1;
				DEVELOPMENT_ASSET_PATHS = "\"TestSwiftUI/Preview Content\"";
				DEVELOPMENT_TEAM = B5QWJ52327;
				ENABLE_PREVIEWS = YES;
				GENERATE_INFOPLIST_FILE = YES;
				INFOPLIST_KEY_UIApplicationSceneManifest_Generation = YES;
				INFOPLIST_KEY_UIApplicationSupportsIndirectInputEvents = YES;
				INFOPLIST_KEY_UILaunchScreen_Generation = YES;
				INFOPLIST_KEY_UISupportedInterfaceOrientations_iPad = "UIInterfaceOrientationPortrait UIInterfaceOrientationPortraitUpsideDown UIInterfaceOrientationLandscapeLeft UIInterfaceOrientationLandscapeRight";
				INFOPLIST_KEY_UISupportedInterfaceOrientations_iPhone = "UIInterfaceOrientationPortrait UIInterfaceOrientationLandscapeLeft UIInterfaceOrientationLandscapeRight";
				IPHONEOS_DEPLOYMENT_TARGET = 15.6;
				LD_RUNPATH_SEARCH_PATHS = (
					"$(inherited)",
					"@executable_path/Frameworks",
				);
				MARKETING_VERSION = 1.0;
				PRODUCT_BUNDLE_IDENTIFIER = com.maxbellucci69.TestSwiftUI;
				PRODUCT_NAME = "$(TARGET_NAME)";
				SWIFT_EMIT_LOC_STRINGS = YES;
				SWIFT_VERSION = 5.0;
				TARGETED_DEVICE_FAMILY = "1,2";
			};
			name = Release;
		};
		BAE1487C2BC3F3A400736A01 /* Debug */ = {
			isa = XCBuildConfiguration;
			buildSettings = {
				ALWAYS_EMBED_SWIFT_STANDARD_LIBRARIES = YES;
				BUNDLE_LOADER = "$(TEST_HOST)";
				CODE_SIGN_STYLE = Automatic;
				CURRENT_PROJECT_VERSION = 1;
				DEVELOPMENT_TEAM = B5QWJ52327;
				GENERATE_INFOPLIST_FILE = YES;
				IPHONEOS_DEPLOYMENT_TARGET = 17.4;
				MARKETING_VERSION = 1.0;
				PRODUCT_BUNDLE_IDENTIFIER = com.maxbellucci69.TestSwiftUITests;
				PRODUCT_NAME = "$(TARGET_NAME)";
				SWIFT_EMIT_LOC_STRINGS = NO;
				SWIFT_VERSION = 5.0;
				TARGETED_DEVICE_FAMILY = "1,2";
				TEST_HOST = "$(BUILT_PRODUCTS_DIR)/TestSwiftUI.app/$(BUNDLE_EXECUTABLE_FOLDER_PATH)/TestSwiftUI";
			};
			name = Debug;
		};
		BAE1487D2BC3F3A400736A01 /* Release */ = {
			isa = XCBuildConfiguration;
			buildSettings = {
				ALWAYS_EMBED_SWIFT_STANDARD_LIBRARIES = YES;
				BUNDLE_LOADER = "$(TEST_HOST)";
				CODE_SIGN_STYLE = Automatic;
				CURRENT_PROJECT_VERSION = 1;
				DEVELOPMENT_TEAM = B5QWJ52327;
				GENERATE_INFOPLIST_FILE = YES;
				IPHONEOS_DEPLOYMENT_TARGET = 17.4;
				MARKETING_VERSION = 1.0;
				PRODUCT_BUNDLE_IDENTIFIER = com.maxbellucci69.TestSwiftUITests;
				PRODUCT_NAME = "$(TARGET_NAME)";
				SWIFT_EMIT_LOC_STRINGS = NO;
				SWIFT_VERSION = 5.0;
				TARGETED_DEVICE_FAMILY = "1,2";
				TEST_HOST = "$(BUILT_PRODUCTS_DIR)/TestSwiftUI.app/$(BUNDLE_EXECUTABLE_FOLDER_PATH)/TestSwiftUI";
			};
			name = Release;
		};
		BAE1487F2BC3F3A400736A01 /* Debug */ = {
			isa = XCBuildConfiguration;
			buildSettings = {
				ALWAYS_EMBED_SWIFT_STANDARD_LIBRARIES = YES;
				CODE_SIGN_STYLE = Automatic;
				CURRENT_PROJECT_VERSION = 1;
				DEVELOPMENT_TEAM = B5QWJ52327;
				GENERATE_INFOPLIST_FILE = YES;
				MARKETING_VERSION = 1.0;
				PRODUCT_BUNDLE_IDENTIFIER = com.maxbellucci69.TestSwiftUIUITests;
				PRODUCT_NAME = "$(TARGET_NAME)";
				SWIFT_EMIT_LOC_STRINGS = NO;
				SWIFT_VERSION = 5.0;
				TARGETED_DEVICE_FAMILY = "1,2";
				TEST_TARGET_NAME = TestSwiftUI;
			};
			name = Debug;
		};
		BAE148802BC3F3A400736A01 /* Release */ = {
			isa = XCBuildConfiguration;
			buildSettings = {
				ALWAYS_EMBED_SWIFT_STANDARD_LIBRARIES = YES;
				CODE_SIGN_STYLE = Automatic;
				CURRENT_PROJECT_VERSION = 1;
				DEVELOPMENT_TEAM = B5QWJ52327;
				GENERATE_INFOPLIST_FILE = YES;
				MARKETING_VERSION = 1.0;
				PRODUCT_BUNDLE_IDENTIFIER = com.maxbellucci69.TestSwiftUIUITests;
				PRODUCT_NAME = "$(TARGET_NAME)";
				SWIFT_EMIT_LOC_STRINGS = NO;
				SWIFT_VERSION = 5.0;
				TARGETED_DEVICE_FAMILY = "1,2";
				TEST_TARGET_NAME = TestSwiftUI;
			};
			name = Release;
		};
/* End XCBuildConfiguration section */

/* Begin XCConfigurationList section */
		BAE1484F2BC3F3A200736A01 /* Build configuration list for PBXProject "TestSwiftUI" */ = {
			isa = XCConfigurationList;
			buildConfigurations = (
				BAE148762BC3F3A400736A01 /* Debug */,
				BAE148772BC3F3A400736A01 /* Release */,
			);
			defaultConfigurationIsVisible = 0;
			defaultConfigurationName = Release;
		};
		BAE148782BC3F3A400736A01 /* Build configuration list for PBXNativeTarget "TestSwiftUI" */ = {
			isa = XCConfigurationList;
			buildConfigurations = (
				BAE148792BC3F3A400736A01 /* Debug */,
				BAE1487A2BC3F3A400736A01 /* Release */,
			);
			defaultConfigurationIsVisible = 0;
			defaultConfigurationName = Release;
		};
		BAE1487B2BC3F3A400736A01 /* Build configuration list for PBXNativeTarget "TestSwiftUITests" */ = {
			isa = XCConfigurationList;
			buildConfigurations = (
				BAE1487C2BC3F3A400736A01 /* Debug */,
				BAE1487D2BC3F3A400736A01 /* Release */,
			);
			defaultConfigurationIsVisible = 0;
			defaultConfigurationName = Release;
		};
		BAE1487E2BC3F3A400736A01 /* Build configuration list for PBXNativeTarget "TestSwiftUIUITests" */ = {
			isa = XCConfigurationList;
			buildConfigurations = (
				BAE1487F2BC3F3A400736A01 /* Debug */,
				BAE148802BC3F3A400736A01 /* Release */,
			);
			defaultConfigurationIsVisible = 0;
			defaultConfigurationName = Release;
		};
/* End XCConfigurationList section */
	};
	rootObject = BAE1484C2BC3F3A200736A01 /* Project object */;
}
